// !$*UTF8*$!
{
	archiveVersion = 1;
	classes = {
	};
	objectVersion = 46;
	objects = {

/* Begin PBXBuildFile section */
		0F307E9A1F164FD2000364EC /* main.m in Sources */ = {isa = PBXBuildFile; fileRef = 0F307E991F164FD2000364EC /* main.m */; };
		0F307E9D1F164FD2000364EC /* AppDelegate.m in Sources */ = {isa = PBXBuildFile; fileRef = 0F307E9C1F164FD2000364EC /* AppDelegate.m */; };
		0F307EA01F164FD2000364EC /* ViewController.m in Sources */ = {isa = PBXBuildFile; fileRef = 0F307E9F1F164FD2000364EC /* ViewController.m */; };
		0F307EA31F164FD2000364EC /* Main.storyboard in Resources */ = {isa = PBXBuildFile; fileRef = 0F307EA11F164FD2000364EC /* Main.storyboard */; };
		0F307EA51F164FD2000364EC /* Assets.xcassets in Resources */ = {isa = PBXBuildFile; fileRef = 0F307EA41F164FD2000364EC /* Assets.xcassets */; };
		0F307EA81F164FD2000364EC /* LaunchScreen.storyboard in Resources */ = {isa = PBXBuildFile; fileRef = 0F307EA61F164FD2000364EC /* LaunchScreen.storyboard */; };
		0F307EB31F164FD2000364EC /* RNWithOCDemoTests.m in Sources */ = {isa = PBXBuildFile; fileRef = 0F307EB21F164FD2000364EC /* RNWithOCDemoTests.m */; };
		0F307EBE1F164FD2000364EC /* RNWithOCDemoUITests.m in Sources */ = {isa = PBXBuildFile; fileRef = 0F307EBD1F164FD2000364EC /* RNWithOCDemoUITests.m */; };
		1BD7C3546198A38CC0CB6CC9 /* libPods-RNWithOCDemoTests.a in Frameworks */ = {isa = PBXBuildFile; fileRef = 0C2F4DA0DDA895EC3FC133FA /* libPods-RNWithOCDemoTests.a */; };
		6E7E128C16E78DF9981CC7CD /* libPods-RNWithOCDemoUITests.a in Frameworks */ = {isa = PBXBuildFile; fileRef = 931278C51A59D2E2994AD17B /* libPods-RNWithOCDemoUITests.a */; };
		F089736CCA5860DEB048152D /* libPods-RNWithOCDemo.a in Frameworks */ = {isa = PBXBuildFile; fileRef = 25585DAC5887AC986DA15DDE /* libPods-RNWithOCDemo.a */; };
/* End PBXBuildFile section */

/* Begin PBXContainerItemProxy section */
		0F307EAF1F164FD2000364EC /* PBXContainerItemProxy */ = {
			isa = PBXContainerItemProxy;
			containerPortal = 0F307E8D1F164FD2000364EC /* Project object */;
			proxyType = 1;
			remoteGlobalIDString = 0F307E941F164FD2000364EC;
			remoteInfo = RNWithOCDemo;
		};
		0F307EBA1F164FD2000364EC /* PBXContainerItemProxy */ = {
			isa = PBXContainerItemProxy;
			containerPortal = 0F307E8D1F164FD2000364EC /* Project object */;
			proxyType = 1;
			remoteGlobalIDString = 0F307E941F164FD2000364EC;
			remoteInfo = RNWithOCDemo;
		};
/* End PBXContainerItemProxy section */

/* Begin PBXFileReference section */
		0C2F4DA0DDA895EC3FC133FA /* libPods-RNWithOCDemoTests.a */ = {isa = PBXFileReference; explicitFileType = archive.ar; includeInIndex = 0; path = "libPods-RNWithOCDemoTests.a"; sourceTree = BUILT_PRODUCTS_DIR; };
		0F307E951F164FD2000364EC /* RNWithOCDemo.app */ = {isa = PBXFileReference; explicitFileType = wrapper.application; includeInIndex = 0; path = RNWithOCDemo.app; sourceTree = BUILT_PRODUCTS_DIR; };
		0F307E991F164FD2000364EC /* main.m */ = {isa = PBXFileReference; lastKnownFileType = sourcecode.c.objc; path = main.m; sourceTree = "<group>"; };
		0F307E9B1F164FD2000364EC /* AppDelegate.h */ = {isa = PBXFileReference; lastKnownFileType = sourcecode.c.h; path = AppDelegate.h; sourceTree = "<group>"; };
		0F307E9C1F164FD2000364EC /* AppDelegate.m */ = {isa = PBXFileReference; lastKnownFileType = sourcecode.c.objc; path = AppDelegate.m; sourceTree = "<group>"; };
		0F307E9E1F164FD2000364EC /* ViewController.h */ = {isa = PBXFileReference; lastKnownFileType = sourcecode.c.h; path = ViewController.h; sourceTree = "<group>"; };
		0F307E9F1F164FD2000364EC /* ViewController.m */ = {isa = PBXFileReference; lastKnownFileType = sourcecode.c.objc; path = ViewController.m; sourceTree = "<group>"; };
		0F307EA21F164FD2000364EC /* Base */ = {isa = PBXFileReference; lastKnownFileType = file.storyboard; name = Base; path = Base.lproj/Main.storyboard; sourceTree = "<group>"; };
		0F307EA41F164FD2000364EC /* Assets.xcassets */ = {isa = PBXFileReference; lastKnownFileType = folder.assetcatalog; path = Assets.xcassets; sourceTree = "<group>"; };
		0F307EA71F164FD2000364EC /* Base */ = {isa = PBXFileReference; lastKnownFileType = file.storyboard; name = Base; path = Base.lproj/LaunchScreen.storyboard; sourceTree = "<group>"; };
		0F307EA91F164FD2000364EC /* Info.plist */ = {isa = PBXFileReference; lastKnownFileType = text.plist.xml; path = Info.plist; sourceTree = "<group>"; };
		0F307EAE1F164FD2000364EC /* RNWithOCDemoTests.xctest */ = {isa = PBXFileReference; explicitFileType = wrapper.cfbundle; includeInIndex = 0; path = RNWithOCDemoTests.xctest; sourceTree = BUILT_PRODUCTS_DIR; };
		0F307EB21F164FD2000364EC /* RNWithOCDemoTests.m */ = {isa = PBXFileReference; lastKnownFileType = sourcecode.c.objc; path = RNWithOCDemoTests.m; sourceTree = "<group>"; };
		0F307EB41F164FD2000364EC /* Info.plist */ = {isa = PBXFileReference; lastKnownFileType = text.plist.xml; path = Info.plist; sourceTree = "<group>"; };
		0F307EB91F164FD2000364EC /* RNWithOCDemoUITests.xctest */ = {isa = PBXFileReference; explicitFileType = wrapper.cfbundle; includeInIndex = 0; path = RNWithOCDemoUITests.xctest; sourceTree = BUILT_PRODUCTS_DIR; };
		0F307EBD1F164FD2000364EC /* RNWithOCDemoUITests.m */ = {isa = PBXFileReference; lastKnownFileType = sourcecode.c.objc; path = RNWithOCDemoUITests.m; sourceTree = "<group>"; };
		0F307EBF1F164FD2000364EC /* Info.plist */ = {isa = PBXFileReference; lastKnownFileType = text.plist.xml; path = Info.plist; sourceTree = "<group>"; };
		1F39510E06C3AF2DEB52A2EC /* Pods-RNWithOCDemo.release.xcconfig */ = {isa = PBXFileReference; includeInIndex = 1; lastKnownFileType = text.xcconfig; name = "Pods-RNWithOCDemo.release.xcconfig"; path = "Pods/Target Support Files/Pods-RNWithOCDemo/Pods-RNWithOCDemo.release.xcconfig"; sourceTree = "<group>"; };
		25585DAC5887AC986DA15DDE /* libPods-RNWithOCDemo.a */ = {isa = PBXFileReference; explicitFileType = archive.ar; includeInIndex = 0; path = "libPods-RNWithOCDemo.a"; sourceTree = BUILT_PRODUCTS_DIR; };
		39710787FF7E53F2C4FE01E1 /* Pods-RNWithOCDemoTests.release.xcconfig */ = {isa = PBXFileReference; includeInIndex = 1; lastKnownFileType = text.xcconfig; name = "Pods-RNWithOCDemoTests.release.xcconfig"; path = "Pods/Target Support Files/Pods-RNWithOCDemoTests/Pods-RNWithOCDemoTests.release.xcconfig"; sourceTree = "<group>"; };
		40A1E6EAA5C81E6BE6317A3E /* Pods-RNWithOCDemoTests.debug.xcconfig */ = {isa = PBXFileReference; includeInIndex = 1; lastKnownFileType = text.xcconfig; name = "Pods-RNWithOCDemoTests.debug.xcconfig"; path = "Pods/Target Support Files/Pods-RNWithOCDemoTests/Pods-RNWithOCDemoTests.debug.xcconfig"; sourceTree = "<group>"; };
		6F173BD137FD39218E8A74EB /* Pods-RNWithOCDemoUITests.debug.xcconfig */ = {isa = PBXFileReference; includeInIndex = 1; lastKnownFileType = text.xcconfig; name = "Pods-RNWithOCDemoUITests.debug.xcconfig"; path = "Pods/Target Support Files/Pods-RNWithOCDemoUITests/Pods-RNWithOCDemoUITests.debug.xcconfig"; sourceTree = "<group>"; };
		931278C51A59D2E2994AD17B /* libPods-RNWithOCDemoUITests.a */ = {isa = PBXFileReference; explicitFileType = archive.ar; includeInIndex = 0; path = "libPods-RNWithOCDemoUITests.a"; sourceTree = BUILT_PRODUCTS_DIR; };
		BB1F8B97284046B1E6359C4F /* Pods-RNWithOCDemoUITests.release.xcconfig */ = {isa = PBXFileReference; includeInIndex = 1; lastKnownFileType = text.xcconfig; name = "Pods-RNWithOCDemoUITests.release.xcconfig"; path = "Pods/Target Support Files/Pods-RNWithOCDemoUITests/Pods-RNWithOCDemoUITests.release.xcconfig"; sourceTree = "<group>"; };
		F4628A5CCDFD7B2AD9C53FE9 /* Pods-RNWithOCDemo.debug.xcconfig */ = {isa = PBXFileReference; includeInIndex = 1; lastKnownFileType = text.xcconfig; name = "Pods-RNWithOCDemo.debug.xcconfig"; path = "Pods/Target Support Files/Pods-RNWithOCDemo/Pods-RNWithOCDemo.debug.xcconfig"; sourceTree = "<group>"; };
/* End PBXFileReference section */

/* Begin PBXFrameworksBuildPhase section */
		0F307E921F164FD2000364EC /* Frameworks */ = {
			isa = PBXFrameworksBuildPhase;
			buildActionMask = 2147483647;
			files = (
				F089736CCA5860DEB048152D /* libPods-RNWithOCDemo.a in Frameworks */,
			);
			runOnlyForDeploymentPostprocessing = 0;
		};
		0F307EAB1F164FD2000364EC /* Frameworks */ = {
			isa = PBXFrameworksBuildPhase;
			buildActionMask = 2147483647;
			files = (
				1BD7C3546198A38CC0CB6CC9 /* libPods-RNWithOCDemoTests.a in Frameworks */,
			);
			runOnlyForDeploymentPostprocessing = 0;
		};
		0F307EB61F164FD2000364EC /* Frameworks */ = {
			isa = PBXFrameworksBuildPhase;
			buildActionMask = 2147483647;
			files = (
				6E7E128C16E78DF9981CC7CD /* libPods-RNWithOCDemoUITests.a in Frameworks */,
			);
			runOnlyForDeploymentPostprocessing = 0;
		};
/* End PBXFrameworksBuildPhase section */

/* Begin PBXGroup section */
		0F307E8C1F164FD2000364EC = {
			isa = PBXGroup;
			children = (
				0F307E971F164FD2000364EC /* RNWithOCDemo */,
				0F307EB11F164FD2000364EC /* RNWithOCDemoTests */,
				0F307EBC1F164FD2000364EC /* RNWithOCDemoUITests */,
				0F307E961F164FD2000364EC /* Products */,
				F12236B32B0DE5C52291FD94 /* Pods */,
				B4410BED9094674FA29AD807 /* Frameworks */,
			);
			sourceTree = "<group>";
		};
		0F307E961F164FD2000364EC /* Products */ = {
			isa = PBXGroup;
			children = (
				0F307E951F164FD2000364EC /* RNWithOCDemo.app */,
				0F307EAE1F164FD2000364EC /* RNWithOCDemoTests.xctest */,
				0F307EB91F164FD2000364EC /* RNWithOCDemoUITests.xctest */,
			);
			name = Products;
			sourceTree = "<group>";
		};
		0F307E971F164FD2000364EC /* RNWithOCDemo */ = {
			isa = PBXGroup;
			children = (
				0F307E9B1F164FD2000364EC /* AppDelegate.h */,
				0F307E9C1F164FD2000364EC /* AppDelegate.m */,
				0F307E9E1F164FD2000364EC /* ViewController.h */,
				0F307E9F1F164FD2000364EC /* ViewController.m */,
				0F307EA11F164FD2000364EC /* Main.storyboard */,
				0F307EA41F164FD2000364EC /* Assets.xcassets */,
				0F307EA61F164FD2000364EC /* LaunchScreen.storyboard */,
				0F307EA91F164FD2000364EC /* Info.plist */,
				0F307E981F164FD2000364EC /* Supporting Files */,
			);
			path = RNWithOCDemo;
			sourceTree = "<group>";
		};
		0F307E981F164FD2000364EC /* Supporting Files */ = {
			isa = PBXGroup;
			children = (
				0F307E991F164FD2000364EC /* main.m */,
			);
			name = "Supporting Files";
			sourceTree = "<group>";
		};
		0F307EB11F164FD2000364EC /* RNWithOCDemoTests */ = {
			isa = PBXGroup;
			children = (
				0F307EB21F164FD2000364EC /* RNWithOCDemoTests.m */,
				0F307EB41F164FD2000364EC /* Info.plist */,
			);
			path = RNWithOCDemoTests;
			sourceTree = "<group>";
		};
		0F307EBC1F164FD2000364EC /* RNWithOCDemoUITests */ = {
			isa = PBXGroup;
			children = (
				0F307EBD1F164FD2000364EC /* RNWithOCDemoUITests.m */,
				0F307EBF1F164FD2000364EC /* Info.plist */,
			);
			path = RNWithOCDemoUITests;
			sourceTree = "<group>";
		};
		B4410BED9094674FA29AD807 /* Frameworks */ = {
			isa = PBXGroup;
			children = (
				25585DAC5887AC986DA15DDE /* libPods-RNWithOCDemo.a */,
				0C2F4DA0DDA895EC3FC133FA /* libPods-RNWithOCDemoTests.a */,
				931278C51A59D2E2994AD17B /* libPods-RNWithOCDemoUITests.a */,
			);
			name = Frameworks;
			sourceTree = "<group>";
		};
		F12236B32B0DE5C52291FD94 /* Pods */ = {
			isa = PBXGroup;
			children = (
				F4628A5CCDFD7B2AD9C53FE9 /* Pods-RNWithOCDemo.debug.xcconfig */,
				1F39510E06C3AF2DEB52A2EC /* Pods-RNWithOCDemo.release.xcconfig */,
				40A1E6EAA5C81E6BE6317A3E /* Pods-RNWithOCDemoTests.debug.xcconfig */,
				39710787FF7E53F2C4FE01E1 /* Pods-RNWithOCDemoTests.release.xcconfig */,
				6F173BD137FD39218E8A74EB /* Pods-RNWithOCDemoUITests.debug.xcconfig */,
				BB1F8B97284046B1E6359C4F /* Pods-RNWithOCDemoUITests.release.xcconfig */,
			);
			name = Pods;
			sourceTree = "<group>";
		};
/* End PBXGroup section */

/* Begin PBXNativeTarget section */
		0F307E941F164FD2000364EC /* RNWithOCDemo */ = {
			isa = PBXNativeTarget;
			buildConfigurationList = 0F307EC21F164FD2000364EC /* Build configuration list for PBXNativeTarget "RNWithOCDemo" */;
			buildPhases = (
				5348B1F3690A1EAFF2FCF076 /* [CP] Check Pods Manifest.lock */,
				0F307E911F164FD2000364EC /* Sources */,
				0F307E921F164FD2000364EC /* Frameworks */,
				0F307E931F164FD2000364EC /* Resources */,
				9580A7857D6ECF2263326CC7 /* [CP] Embed Pods Frameworks */,
				B996CA56F9434A4F1EAE2AC2 /* [CP] Copy Pods Resources */,
			);
			buildRules = (
			);
			dependencies = (
			);
			name = RNWithOCDemo;
			productName = RNWithOCDemo;
			productReference = 0F307E951F164FD2000364EC /* RNWithOCDemo.app */;
			productType = "com.apple.product-type.application";
		};
		0F307EAD1F164FD2000364EC /* RNWithOCDemoTests */ = {
			isa = PBXNativeTarget;
			buildConfigurationList = 0F307EC51F164FD2000364EC /* Build configuration list for PBXNativeTarget "RNWithOCDemoTests" */;
			buildPhases = (
				88044BA76E3AB4B1D79B2700 /* [CP] Check Pods Manifest.lock */,
				0F307EAA1F164FD2000364EC /* Sources */,
				0F307EAB1F164FD2000364EC /* Frameworks */,
				0F307EAC1F164FD2000364EC /* Resources */,
				22EBD4FC00467FB7D401AEE9 /* [CP] Embed Pods Frameworks */,
				F00E6B4860799633EFA25099 /* [CP] Copy Pods Resources */,
			);
			buildRules = (
			);
			dependencies = (
				0F307EB01F164FD2000364EC /* PBXTargetDependency */,
			);
			name = RNWithOCDemoTests;
			productName = RNWithOCDemoTests;
			productReference = 0F307EAE1F164FD2000364EC /* RNWithOCDemoTests.xctest */;
			productType = "com.apple.product-type.bundle.unit-test";
		};
		0F307EB81F164FD2000364EC /* RNWithOCDemoUITests */ = {
			isa = PBXNativeTarget;
			buildConfigurationList = 0F307EC81F164FD2000364EC /* Build configuration list for PBXNativeTarget "RNWithOCDemoUITests" */;
			buildPhases = (
				41CCAB987B5A11C5429F0652 /* [CP] Check Pods Manifest.lock */,
				0F307EB51F164FD2000364EC /* Sources */,
				0F307EB61F164FD2000364EC /* Frameworks */,
				0F307EB71F164FD2000364EC /* Resources */,
				7DA8D74EE6D069973BA8A5C1 /* [CP] Embed Pods Frameworks */,
				675BB4835C0CAEC3B0FBA6CF /* [CP] Copy Pods Resources */,
			);
			buildRules = (
			);
			dependencies = (
				0F307EBB1F164FD2000364EC /* PBXTargetDependency */,
			);
			name = RNWithOCDemoUITests;
			productName = RNWithOCDemoUITests;
			productReference = 0F307EB91F164FD2000364EC /* RNWithOCDemoUITests.xctest */;
			productType = "com.apple.product-type.bundle.ui-testing";
		};
/* End PBXNativeTarget section */

/* Begin PBXProject section */
		0F307E8D1F164FD2000364EC /* Project object */ = {
			isa = PBXProject;
			attributes = {
				LastUpgradeCheck = 0830;
				ORGANIZATIONNAME = TonyYang;
				TargetAttributes = {
					0F307E941F164FD2000364EC = {
						CreatedOnToolsVersion = 8.3.3;
						DevelopmentTeam = 9P7X8YSS7W;
						ProvisioningStyle = Automatic;
					};
					0F307EAD1F164FD2000364EC = {
						CreatedOnToolsVersion = 8.3.3;
						DevelopmentTeam = 9P7X8YSS7W;
						ProvisioningStyle = Automatic;
						TestTargetID = 0F307E941F164FD2000364EC;
					};
					0F307EB81F164FD2000364EC = {
						CreatedOnToolsVersion = 8.3.3;
						DevelopmentTeam = 9P7X8YSS7W;
						ProvisioningStyle = Automatic;
						TestTargetID = 0F307E941F164FD2000364EC;
					};
				};
			};
			buildConfigurationList = 0F307E901F164FD2000364EC /* Build configuration list for PBXProject "RNWithOCDemo" */;
			compatibilityVersion = "Xcode 3.2";
			developmentRegion = English;
			hasScannedForEncodings = 0;
			knownRegions = (
				en,
				Base,
			);
			mainGroup = 0F307E8C1F164FD2000364EC;
			productRefGroup = 0F307E961F164FD2000364EC /* Products */;
			projectDirPath = "";
			projectRoot = "";
			targets = (
				0F307E941F164FD2000364EC /* RNWithOCDemo */,
				0F307EAD1F164FD2000364EC /* RNWithOCDemoTests */,
				0F307EB81F164FD2000364EC /* RNWithOCDemoUITests */,
			);
		};
/* End PBXProject section */

/* Begin PBXResourcesBuildPhase section */
		0F307E931F164FD2000364EC /* Resources */ = {
			isa = PBXResourcesBuildPhase;
			buildActionMask = 2147483647;
			files = (
				0F307EA81F164FD2000364EC /* LaunchScreen.storyboard in Resources */,
				0F307EA51F164FD2000364EC /* Assets.xcassets in Resources */,
				0F307EA31F164FD2000364EC /* Main.storyboard in Resources */,
			);
			runOnlyForDeploymentPostprocessing = 0;
		};
		0F307EAC1F164FD2000364EC /* Resources */ = {
			isa = PBXResourcesBuildPhase;
			buildActionMask = 2147483647;
			files = (
			);
			runOnlyForDeploymentPostprocessing = 0;
		};
		0F307EB71F164FD2000364EC /* Resources */ = {
			isa = PBXResourcesBuildPhase;
			buildActionMask = 2147483647;
			files = (
			);
			runOnlyForDeploymentPostprocessing = 0;
		};
/* End PBXResourcesBuildPhase section */

/* Begin PBXShellScriptBuildPhase section */
		22EBD4FC00467FB7D401AEE9 /* [CP] Embed Pods Frameworks */ = {
			isa = PBXShellScriptBuildPhase;
			buildActionMask = 2147483647;
			files = (
			);
			inputPaths = (
			);
			name = "[CP] Embed Pods Frameworks";
			outputPaths = (
			);
			runOnlyForDeploymentPostprocessing = 0;
			shellPath = /bin/sh;
			shellScript = "\"${SRCROOT}/Pods/Target Support Files/Pods-RNWithOCDemoTests/Pods-RNWithOCDemoTests-frameworks.sh\"\n";
			showEnvVarsInLog = 0;
		};
		41CCAB987B5A11C5429F0652 /* [CP] Check Pods Manifest.lock */ = {
			isa = PBXShellScriptBuildPhase;
			buildActionMask = 2147483647;
			files = (
			);
			inputPaths = (
			);
			name = "[CP] Check Pods Manifest.lock";
			outputPaths = (
			);
			runOnlyForDeploymentPostprocessing = 0;
			shellPath = /bin/sh;
			shellScript = "diff \"${PODS_PODFILE_DIR_PATH}/Podfile.lock\" \"${PODS_ROOT}/Manifest.lock\" > /dev/null\nif [ $? != 0 ] ; then\n    # print error to STDERR\n    echo \"error: The sandbox is not in sync with the Podfile.lock. Run 'pod install' or update your CocoaPods installation.\" >&2\n    exit 1\nfi\n";
			showEnvVarsInLog = 0;
		};
		5348B1F3690A1EAFF2FCF076 /* [CP] Check Pods Manifest.lock */ = {
			isa = PBXShellScriptBuildPhase;
			buildActionMask = 2147483647;
			files = (
			);
			inputPaths = (
			);
			name = "[CP] Check Pods Manifest.lock";
			outputPaths = (
			);
			runOnlyForDeploymentPostprocessing = 0;
			shellPath = /bin/sh;
			shellScript = "diff \"${PODS_PODFILE_DIR_PATH}/Podfile.lock\" \"${PODS_ROOT}/Manifest.lock\" > /dev/null\nif [ $? != 0 ] ; then\n    # print error to STDERR\n    echo \"error: The sandbox is not in sync with the Podfile.lock. Run 'pod install' or update your CocoaPods installation.\" >&2\n    exit 1\nfi\n";
			showEnvVarsInLog = 0;
		};
		675BB4835C0CAEC3B0FBA6CF /* [CP] Copy Pods Resources */ = {
			isa = PBXShellScriptBuildPhase;
			buildActionMask = 2147483647;
			files = (
			);
			inputPaths = (
			);
			name = "[CP] Copy Pods Resources";
			outputPaths = (
			);
			runOnlyForDeploymentPostprocessing = 0;
			shellPath = /bin/sh;
			shellScript = "\"${SRCROOT}/Pods/Target Support Files/Pods-RNWithOCDemoUITests/Pods-RNWithOCDemoUITests-resources.sh\"\n";
			showEnvVarsInLog = 0;
		};
		7DA8D74EE6D069973BA8A5C1 /* [CP] Embed Pods Frameworks */ = {
			isa = PBXShellScriptBuildPhase;
			buildActionMask = 2147483647;
			files = (
			);
			inputPaths = (
			);
			name = "[CP] Embed Pods Frameworks";
			outputPaths = (
			);
			runOnlyForDeploymentPostprocessing = 0;
			shellPath = /bin/sh;
			shellScript = "\"${SRCROOT}/Pods/Target Support Files/Pods-RNWithOCDemoUITests/Pods-RNWithOCDemoUITests-frameworks.sh\"\n";
			showEnvVarsInLog = 0;
		};
		88044BA76E3AB4B1D79B2700 /* [CP] Check Pods Manifest.lock */ = {
			isa = PBXShellScriptBuildPhase;
			buildActionMask = 2147483647;
			files = (
			);
			inputPaths = (
			);
			name = "[CP] Check Pods Manifest.lock";
			outputPaths = (
			);
			runOnlyForDeploymentPostprocessing = 0;
			shellPath = /bin/sh;
			shellScript = "diff \"${PODS_PODFILE_DIR_PATH}/Podfile.lock\" \"${PODS_ROOT}/Manifest.lock\" > /dev/null\nif [ $? != 0 ] ; then\n    # print error to STDERR\n    echo \"error: The sandbox is not in sync with the Podfile.lock. Run 'pod install' or update your CocoaPods installation.\" >&2\n    exit 1\nfi\n";
			showEnvVarsInLog = 0;
		};
		9580A7857D6ECF2263326CC7 /* [CP] Embed Pods Frameworks */ = {
			isa = PBXShellScriptBuildPhase;
			buildActionMask = 2147483647;
			files = (
			);
			inputPaths = (
			);
			name = "[CP] Embed Pods Frameworks";
			outputPaths = (
			);
			runOnlyForDeploymentPostprocessing = 0;
			shellPath = /bin/sh;
			shellScript = "\"${SRCROOT}/Pods/Target Support Files/Pods-RNWithOCDemo/Pods-RNWithOCDemo-frameworks.sh\"\n";
			showEnvVarsInLog = 0;
		};
		B996CA56F9434A4F1EAE2AC2 /* [CP] Copy Pods Resources */ = {
			isa = PBXShellScriptBuildPhase;
			buildActionMask = 2147483647;
			files = (
			);
			inputPaths = (
			);
			name = "[CP] Copy Pods Resources";
			outputPaths = (
			);
			runOnlyForDeploymentPostprocessing = 0;
			shellPath = /bin/sh;
			shellScript = "\"${SRCROOT}/Pods/Target Support Files/Pods-RNWithOCDemo/Pods-RNWithOCDemo-resources.sh\"\n";
			showEnvVarsInLog = 0;
		};
		F00E6B4860799633EFA25099 /* [CP] Copy Pods Resources */ = {
			isa = PBXShellScriptBuildPhase;
			buildActionMask = 2147483647;
			files = (
			);
			inputPaths = (
			);
			name = "[CP] Copy Pods Resources";
			outputPaths = (
			);
			runOnlyForDeploymentPostprocessing = 0;
			shellPath = /bin/sh;
			shellScript = "\"${SRCROOT}/Pods/Target Support Files/Pods-RNWithOCDemoTests/Pods-RNWithOCDemoTests-resources.sh\"\n";
			showEnvVarsInLog = 0;
		};
/* End PBXShellScriptBuildPhase section */

/* Begin PBXSourcesBuildPhase section */
		0F307E911F164FD2000364EC /* Sources */ = {
			isa = PBXSourcesBuildPhase;
			buildActionMask = 2147483647;
			files = (
				0F307EA01F164FD2000364EC /* ViewController.m in Sources */,
				0F307E9D1F164FD2000364EC /* AppDelegate.m in Sources */,
				0F307E9A1F164FD2000364EC /* main.m in Sources */,
			);
			runOnlyForDeploymentPostprocessing = 0;
		};
		0F307EAA1F164FD2000364EC /* Sources */ = {
			isa = PBXSourcesBuildPhase;
			buildActionMask = 2147483647;
			files = (
				0F307EB31F164FD2000364EC /* RNWithOCDemoTests.m in Sources */,
			);
			runOnlyForDeploymentPostprocessing = 0;
		};
		0F307EB51F164FD2000364EC /* Sources */ = {
			isa = PBXSourcesBuildPhase;
			buildActionMask = 2147483647;
			files = (
				0F307EBE1F164FD2000364EC /* RNWithOCDemoUITests.m in Sources */,
			);
			runOnlyForDeploymentPostprocessing = 0;
		};
/* End PBXSourcesBuildPhase section */

/* Begin PBXTargetDependency section */
		0F307EB01F164FD2000364EC /* PBXTargetDependency */ = {
			isa = PBXTargetDependency;
			target = 0F307E941F164FD2000364EC /* RNWithOCDemo */;
			targetProxy = 0F307EAF1F164FD2000364EC /* PBXContainerItemProxy */;
		};
		0F307EBB1F164FD2000364EC /* PBXTargetDependency */ = {
			isa = PBXTargetDependency;
			target = 0F307E941F164FD2000364EC /* RNWithOCDemo */;
			targetProxy = 0F307EBA1F164FD2000364EC /* PBXContainerItemProxy */;
		};
/* End PBXTargetDependency section */

/* Begin PBXVariantGroup section */
		0F307EA11F164FD2000364EC /* Main.storyboard */ = {
			isa = PBXVariantGroup;
			children = (
				0F307EA21F164FD2000364EC /* Base */,
			);
			name = Main.storyboard;
			sourceTree = "<group>";
		};
		0F307EA61F164FD2000364EC /* LaunchScreen.storyboard */ = {
			isa = PBXVariantGroup;
			children = (
				0F307EA71F164FD2000364EC /* Base */,
			);
			name = LaunchScreen.storyboard;
			sourceTree = "<group>";
		};
/* End PBXVariantGroup section */

/* Begin XCBuildConfiguration section */
		0F307EC01F164FD2000364EC /* Debug */ = {
			isa = XCBuildConfiguration;
			buildSettings = {
				ALWAYS_SEARCH_USER_PATHS = NO;
				CLANG_ANALYZER_NONNULL = YES;
				CLANG_ANALYZER_NUMBER_OBJECT_CONVERSION = YES_AGGRESSIVE;
				CLANG_CXX_LANGUAGE_STANDARD = "gnu++0x";
				CLANG_CXX_LIBRARY = "libc++";
				CLANG_ENABLE_MODULES = YES;
				CLANG_ENABLE_OBJC_ARC = YES;
				CLANG_WARN_BOOL_CONVERSION = YES;
				CLANG_WARN_CONSTANT_CONVERSION = YES;
				CLANG_WARN_DIRECT_OBJC_ISA_USAGE = YES_ERROR;
				CLANG_WARN_DOCUMENTATION_COMMENTS = YES;
				CLANG_WARN_EMPTY_BODY = YES;
				CLANG_WARN_ENUM_CONVERSION = YES;
				CLANG_WARN_INFINITE_RECURSION = YES;
				CLANG_WARN_INT_CONVERSION = YES;
				CLANG_WARN_OBJC_ROOT_CLASS = YES_ERROR;
				CLANG_WARN_SUSPICIOUS_MOVE = YES;
				CLANG_WARN_UNREACHABLE_CODE = YES;
				CLANG_WARN__DUPLICATE_METHOD_MATCH = YES;
				"CODE_SIGN_IDENTITY[sdk=iphoneos*]" = "iPhone Developer";
				COPY_PHASE_STRIP = NO;
				DEBUG_INFORMATION_FORMAT = dwarf;
				ENABLE_STRICT_OBJC_MSGSEND = YES;
				ENABLE_TESTABILITY = YES;
				GCC_C_LANGUAGE_STANDARD = gnu99;
				GCC_DYNAMIC_NO_PIC = NO;
				GCC_NO_COMMON_BLOCKS = YES;
				GCC_OPTIMIZATION_LEVEL = 0;
				GCC_PREPROCESSOR_DEFINITIONS = (
					"DEBUG=1",
					"$(inherited)",
				);
				GCC_WARN_64_TO_32_BIT_CONVERSION = YES;
				GCC_WARN_ABOUT_RETURN_TYPE = YES_ERROR;
				GCC_WARN_UNDECLARED_SELECTOR = YES;
				GCC_WARN_UNINITIALIZED_AUTOS = YES_AGGRESSIVE;
				GCC_WARN_UNUSED_FUNCTION = YES;
				GCC_WARN_UNUSED_VARIABLE = YES;
				IPHONEOS_DEPLOYMENT_TARGET = 10.3;
				MTL_ENABLE_DEBUG_INFO = YES;
				ONLY_ACTIVE_ARCH = YES;
				SDKROOT = iphoneos;
				TARGETED_DEVICE_FAMILY = "1,2";
			};
			name = Debug;
		};
		0F307EC11F164FD2000364EC /* Release */ = {
			isa = XCBuildConfiguration;
			buildSettings = {
				ALWAYS_SEARCH_USER_PATHS = NO;
				CLANG_ANALYZER_NONNULL = YES;
				CLANG_ANALYZER_NUMBER_OBJECT_CONVERSION = YES_AGGRESSIVE;
				CLANG_CXX_LANGUAGE_STANDARD = "gnu++0x";
				CLANG_CXX_LIBRARY = "libc++";
				CLANG_ENABLE_MODULES = YES;
				CLANG_ENABLE_OBJC_ARC = YES;
				CLANG_WARN_BOOL_CONVERSION = YES;
				CLANG_WARN_CONSTANT_CONVERSION = YES;
				CLANG_WARN_DIRECT_OBJC_ISA_USAGE = YES_ERROR;
				CLANG_WARN_DOCUMENTATION_COMMENTS = YES;
				CLANG_WARN_EMPTY_BODY = YES;
				CLANG_WARN_ENUM_CONVERSION = YES;
				CLANG_WARN_INFINITE_RECURSION = YES;
				CLANG_WARN_INT_CONVERSION = YES;
				CLANG_WARN_OBJC_ROOT_CLASS = YES_ERROR;
				CLANG_WARN_SUSPICIOUS_MOVE = YES;
				CLANG_WARN_UNREACHABLE_CODE = YES;
				CLANG_WARN__DUPLICATE_METHOD_MATCH = YES;
				"CODE_SIGN_IDENTITY[sdk=iphoneos*]" = "iPhone Developer";
				COPY_PHASE_STRIP = NO;
				DEBUG_INFORMATION_FORMAT = "dwarf-with-dsym";
				ENABLE_NS_ASSERTIONS = NO;
				ENABLE_STRICT_OBJC_MSGSEND = YES;
				GCC_C_LANGUAGE_STANDARD = gnu99;
				GCC_NO_COMMON_BLOCKS = YES;
				GCC_WARN_64_TO_32_BIT_CONVERSION = YES;
				GCC_WARN_ABOUT_RETURN_TYPE = YES_ERROR;
				GCC_WARN_UNDECLARED_SELECTOR = YES;
				GCC_WARN_UNINITIALIZED_AUTOS = YES_AGGRESSIVE;
				GCC_WARN_UNUSED_FUNCTION = YES;
				GCC_WARN_UNUSED_VARIABLE = YES;
				IPHONEOS_DEPLOYMENT_TARGET = 10.3;
				MTL_ENABLE_DEBUG_INFO = NO;
				SDKROOT = iphoneos;
				TARGETED_DEVICE_FAMILY = "1,2";
				VALIDATE_PRODUCT = YES;
			};
			name = Release;
		};
		0F307EC31F164FD2000364EC /* Debug */ = {
			isa = XCBuildConfiguration;
			baseConfigurationReference = F4628A5CCDFD7B2AD9C53FE9 /* Pods-RNWithOCDemo.debug.xcconfig */;
			buildSettings = {
				ASSETCATALOG_COMPILER_APPICON_NAME = AppIcon;
				DEVELOPMENT_TEAM = 9P7X8YSS7W;
				INFOPLIST_FILE = RNWithOCDemo/Info.plist;
				LD_RUNPATH_SEARCH_PATHS = "$(inherited) @executable_path/Frameworks";
				PRODUCT_BUNDLE_IDENTIFIER = gaochongyang.RNWithOCDemo;
				PRODUCT_NAME = "$(TARGET_NAME)";
			};
			name = Debug;
		};
		0F307EC41F164FD2000364EC /* Release */ = {
			isa = XCBuildConfiguration;
			baseConfigurationReference = 1F39510E06C3AF2DEB52A2EC /* Pods-RNWithOCDemo.release.xcconfig */;
			buildSettings = {
				ASSETCATALOG_COMPILER_APPICON_NAME = AppIcon;
				DEVELOPMENT_TEAM = 9P7X8YSS7W;
				INFOPLIST_FILE = RNWithOCDemo/Info.plist;
				LD_RUNPATH_SEARCH_PATHS = "$(inherited) @executable_path/Frameworks";
				PRODUCT_BUNDLE_IDENTIFIER = gaochongyang.RNWithOCDemo;
				PRODUCT_NAME = "$(TARGET_NAME)";
			};
			name = Release;
		};
		0F307EC61F164FD2000364EC /* Debug */ = {
			isa = XCBuildConfiguration;
			baseConfigurationReference = 40A1E6EAA5C81E6BE6317A3E /* Pods-RNWithOCDemoTests.debug.xcconfig */;
			buildSettings = {
				BUNDLE_LOADER = "$(TEST_HOST)";
				DEVELOPMENT_TEAM = 9P7X8YSS7W;
				INFOPLIST_FILE = RNWithOCDemoTests/Info.plist;
				LD_RUNPATH_SEARCH_PATHS = "$(inherited) @executable_path/Frameworks @loader_path/Frameworks";
				PRODUCT_BUNDLE_IDENTIFIER = gaochongyang.RNWithOCDemoTests;
				PRODUCT_NAME = "$(TARGET_NAME)";
				TEST_HOST = "$(BUILT_PRODUCTS_DIR)/RNWithOCDemo.app/RNWithOCDemo";
			};
			name = Debug;
		};
		0F307EC71F164FD2000364EC /* Release */ = {
			isa = XCBuildConfiguration;
			baseConfigurationReference = 39710787FF7E53F2C4FE01E1 /* Pods-RNWithOCDemoTests.release.xcconfig */;
			buildSettings = {
				BUNDLE_LOADER = "$(TEST_HOST)";
				DEVELOPMENT_TEAM = 9P7X8YSS7W;
				INFOPLIST_FILE = RNWithOCDemoTests/Info.plist;
				LD_RUNPATH_SEARCH_PATHS = "$(inherited) @executable_path/Frameworks @loader_path/Frameworks";
				PRODUCT_BUNDLE_IDENTIFIER = gaochongyang.RNWithOCDemoTests;
				PRODUCT_NAME = "$(TARGET_NAME)";
				TEST_HOST = "$(BUILT_PRODUCTS_DIR)/RNWithOCDemo.app/RNWithOCDemo";
			};
			name = Release;
		};
		0F307EC91F164FD2000364EC /* Debug */ = {
			isa = XCBuildConfiguration;
			baseConfigurationReference = 6F173BD137FD39218E8A74EB /* Pods-RNWithOCDemoUITests.debug.xcconfig */;
			buildSettings = {
				DEVELOPMENT_TEAM = 9P7X8YSS7W;
				INFOPLIST_FILE = RNWithOCDemoUITests/Info.plist;
				LD_RUNPATH_SEARCH_PATHS = "$(inherited) @executable_path/Frameworks @loader_path/Frameworks";
				PRODUCT_BUNDLE_IDENTIFIER = gaochongyang.RNWithOCDemoUITests;
				PRODUCT_NAME = "$(TARGET_NAME)";
				TEST_TARGET_NAME = RNWithOCDemo;
			};
			name = Debug;
		};
		0F307ECA1F164FD2000364EC /* Release */ = {
			isa = XCBuildConfiguration;
			baseConfigurationReference = BB1F8B97284046B1E6359C4F /* Pods-RNWithOCDemoUITests.release.xcconfig */;
			buildSettings = {
				DEVELOPMENT_TEAM = 9P7X8YSS7W;
				INFOPLIST_FILE = RNWithOCDemoUITests/Info.plist;
				LD_RUNPATH_SEARCH_PATHS = "$(inherited) @executable_path/Frameworks @loader_path/Frameworks";
				PRODUCT_BUNDLE_IDENTIFIER = gaochongyang.RNWithOCDemoUITests;
				PRODUCT_NAME = "$(TARGET_NAME)";
				TEST_TARGET_NAME = RNWithOCDemo;
			};
			name = Release;
		};
/* End XCBuildConfiguration section */

/* Begin XCConfigurationList section */
		0F307E901F164FD2000364EC /* Build configuration list for PBXProject "RNWithOCDemo" */ = {
			isa = XCConfigurationList;
			buildConfigurations = (
				0F307EC01F164FD2000364EC /* Debug */,
				0F307EC11F164FD2000364EC /* Release */,
			);
			defaultConfigurationIsVisible = 0;
			defaultConfigurationName = Release;
		};
		0F307EC21F164FD2000364EC /* Build configuration list for PBXNativeTarget "RNWithOCDemo" */ = {
			isa = XCConfigurationList;
			buildConfigurations = (
				0F307EC31F164FD2000364EC /* Debug */,
				0F307EC41F164FD2000364EC /* Release */,
			);
			defaultConfigurationIsVisible = 0;
		};
		0F307EC51F164FD2000364EC /* Build configuration list for PBXNativeTarget "RNWithOCDemoTests" */ = {
			isa = XCConfigurationList;
			buildConfigurations = (
				0F307EC61F164FD2000364EC /* Debug */,
				0F307EC71F164FD2000364EC /* Release */,
			);
			defaultConfigurationIsVisible = 0;
		};
		0F307EC81F164FD2000364EC /* Build configuration list for PBXNativeTarget "RNWithOCDemoUITests" */ = {
			isa = XCConfigurationList;
			buildConfigurations = (
				0F307EC91F164FD2000364EC /* Debug */,
				0F307ECA1F164FD2000364EC /* Release */,
			);
			defaultConfigurationIsVisible = 0;
		};
/* End XCConfigurationList section */
	};
	rootObject = 0F307E8D1F164FD2000364EC /* Project object */;
}
